// !$*UTF8*$!
{
	archiveVersion = 1;
	classes = {
	};
	objectVersion = 46;
	objects = {

/* Begin PBXBuildFile section */
		7A6B56511B325C0C00C1DD65 /* AppDelegate.swift in Sources */ = {isa = PBXBuildFile; fileRef = 7A6B56501B325C0C00C1DD65 /* AppDelegate.swift */; };
		7A6B56531B325C0C00C1DD65 /* ViewController.swift in Sources */ = {isa = PBXBuildFile; fileRef = 7A6B56521B325C0C00C1DD65 /* ViewController.swift */; };
		7A6B56561B325C0C00C1DD65 /* Main.storyboard in Resources */ = {isa = PBXBuildFile; fileRef = 7A6B56541B325C0C00C1DD65 /* Main.storyboard */; };
		7A6B56581B325C0C00C1DD65 /* Images.xcassets in Resources */ = {isa = PBXBuildFile; fileRef = 7A6B56571B325C0C00C1DD65 /* Images.xcassets */; };
		7A6B565B1B325C0C00C1DD65 /* LaunchScreen.xib in Resources */ = {isa = PBXBuildFile; fileRef = 7A6B56591B325C0C00C1DD65 /* LaunchScreen.xib */; };
		7A6B56671B325C0C00C1DD65 /* pomofocusTests.swift in Sources */ = {isa = PBXBuildFile; fileRef = 7A6B56661B325C0C00C1DD65 /* pomofocusTests.swift */; };
/* End PBXBuildFile section */

/* Begin PBXContainerItemProxy section */
		7A6B56611B325C0C00C1DD65 /* PBXContainerItemProxy */ = {
			isa = PBXContainerItemProxy;
			containerPortal = 7A6B56431B325C0C00C1DD65 /* Project object */;
			proxyType = 1;
			remoteGlobalIDString = 7A6B564A1B325C0C00C1DD65;
			remoteInfo = pomofocus;
		};
/* End PBXContainerItemProxy section */

/* Begin PBXFileReference section */
		7A6B564B1B325C0C00C1DD65 /* pomofocus.app */ = {isa = PBXFileReference; explicitFileType = wrapper.application; includeInIndex = 0; path = pomofocus.app; sourceTree = BUILT_PRODUCTS_DIR; };
		7A6B564F1B325C0C00C1DD65 /* Info.plist */ = {isa = PBXFileReference; lastKnownFileType = text.plist.xml; path = Info.plist; sourceTree = "<group>"; };
		7A6B56501B325C0C00C1DD65 /* AppDelegate.swift */ = {isa = PBXFileReference; lastKnownFileType = sourcecode.swift; path = AppDelegate.swift; sourceTree = "<group>"; };
		7A6B56521B325C0C00C1DD65 /* ViewController.swift */ = {isa = PBXFileReference; lastKnownFileType = sourcecode.swift; path = ViewController.swift; sourceTree = "<group>"; };
		7A6B56551B325C0C00C1DD65 /* Base */ = {isa = PBXFileReference; lastKnownFileType = file.storyboard; name = Base; path = Base.lproj/Main.storyboard; sourceTree = "<group>"; };
		7A6B56571B325C0C00C1DD65 /* Images.xcassets */ = {isa = PBXFileReference; lastKnownFileType = folder.assetcatalog; path = Images.xcassets; sourceTree = "<group>"; };
		7A6B565A1B325C0C00C1DD65 /* Base */ = {isa = PBXFileReference; lastKnownFileType = file.xib; name = Base; path = Base.lproj/LaunchScreen.xib; sourceTree = "<group>"; };
		7A6B56601B325C0C00C1DD65 /* pomofocusTests.xctest */ = {isa = PBXFileReference; explicitFileType = wrapper.cfbundle; includeInIndex = 0; path = pomofocusTests.xctest; sourceTree = BUILT_PRODUCTS_DIR; };
		7A6B56651B325C0C00C1DD65 /* Info.plist */ = {isa = PBXFileReference; lastKnownFileType = text.plist.xml; path = Info.plist; sourceTree = "<group>"; };
		7A6B56661B325C0C00C1DD65 /* pomofocusTests.swift */ = {isa = PBXFileReference; lastKnownFileType = sourcecode.swift; path = pomofocusTests.swift; sourceTree = "<group>"; };
/* End PBXFileReference section */

/* Begin PBXFrameworksBuildPhase section */
		7A6B56481B325C0C00C1DD65 /* Frameworks */ = {
			isa = PBXFrameworksBuildPhase;
			buildActionMask = 2147483647;
			files = (
			);
			runOnlyForDeploymentPostprocessing = 0;
		};
		7A6B565D1B325C0C00C1DD65 /* Frameworks */ = {
			isa = PBXFrameworksBuildPhase;
			buildActionMask = 2147483647;
			files = (
			);
			runOnlyForDeploymentPostprocessing = 0;
		};
/* End PBXFrameworksBuildPhase section */

/* Begin PBXGroup section */
		7A6B56421B325C0C00C1DD65 = {
			isa = PBXGroup;
			children = (
				7A6B564D1B325C0C00C1DD65 /* pomofocus */,
				7A6B56631B325C0C00C1DD65 /* pomofocusTests */,
				7A6B564C1B325C0C00C1DD65 /* Products */,
			);
			sourceTree = "<group>";
		};
		7A6B564C1B325C0C00C1DD65 /* Products */ = {
			isa = PBXGroup;
			children = (
				7A6B564B1B325C0C00C1DD65 /* pomofocus.app */,
				7A6B56601B325C0C00C1DD65 /* pomofocusTests.xctest */,
			);
			name = Products;
			sourceTree = "<group>";
		};
		7A6B564D1B325C0C00C1DD65 /* pomofocus */ = {
			isa = PBXGroup;
			children = (
				7A6B56501B325C0C00C1DD65 /* AppDelegate.swift */,
				7A6B56521B325C0C00C1DD65 /* ViewController.swift */,
				7A6B56541B325C0C00C1DD65 /* Main.storyboard */,
				7A6B56571B325C0C00C1DD65 /* Images.xcassets */,
				7A6B56591B325C0C00C1DD65 /* LaunchScreen.xib */,
				7A6B564E1B325C0C00C1DD65 /* Supporting Files */,
			);
			path = pomofocus;
			sourceTree = "<group>";
		};
		7A6B564E1B325C0C00C1DD65 /* Supporting Files */ = {
			isa = PBXGroup;
			children = (
				7A6B564F1B325C0C00C1DD65 /* Info.plist */,
			);
			name = "Supporting Files";
			sourceTree = "<group>";
		};
		7A6B56631B325C0C00C1DD65 /* pomofocusTests */ = {
			isa = PBXGroup;
			children = (
				7A6B56661B325C0C00C1DD65 /* pomofocusTests.swift */,
				7A6B56641B325C0C00C1DD65 /* Supporting Files */,
			);
			path = pomofocusTests;
			sourceTree = "<group>";
		};
		7A6B56641B325C0C00C1DD65 /* Supporting Files */ = {
			isa = PBXGroup;
			children = (
				7A6B56651B325C0C00C1DD65 /* Info.plist */,
			);
			name = "Supporting Files";
			sourceTree = "<group>";
		};
/* End PBXGroup section */

/* Begin PBXNativeTarget section */
		7A6B564A1B325C0C00C1DD65 /* pomofocus */ = {
			isa = PBXNativeTarget;
			buildConfigurationList = 7A6B566A1B325C0C00C1DD65 /* Build configuration list for PBXNativeTarget "pomofocus" */;
			buildPhases = (
				7A6B56471B325C0C00C1DD65 /* Sources */,
				7A6B56481B325C0C00C1DD65 /* Frameworks */,
				7A6B56491B325C0C00C1DD65 /* Resources */,
			);
			buildRules = (
			);
			dependencies = (
			);
			name = pomofocus;
			productName = pomofocus;
			productReference = 7A6B564B1B325C0C00C1DD65 /* pomofocus.app */;
			productType = "com.apple.product-type.application";
		};
		7A6B565F1B325C0C00C1DD65 /* pomofocusTests */ = {
			isa = PBXNativeTarget;
			buildConfigurationList = 7A6B566D1B325C0C00C1DD65 /* Build configuration list for PBXNativeTarget "pomofocusTests" */;
			buildPhases = (
				7A6B565C1B325C0C00C1DD65 /* Sources */,
				7A6B565D1B325C0C00C1DD65 /* Frameworks */,
				7A6B565E1B325C0C00C1DD65 /* Resources */,
			);
			buildRules = (
			);
			dependencies = (
				7A6B56621B325C0C00C1DD65 /* PBXTargetDependency */,
			);
			name = pomofocusTests;
			productName = pomofocusTests;
			productReference = 7A6B56601B325C0C00C1DD65 /* pomofocusTests.xctest */;
			productType = "com.apple.product-type.bundle.unit-test";
		};
/* End PBXNativeTarget section */

/* Begin PBXProject section */
		7A6B56431B325C0C00C1DD65 /* Project object */ = {
			isa = PBXProject;
			attributes = {
				LastUpgradeCheck = 0630;
				ORGANIZATIONNAME = Mengyuan;
				TargetAttributes = {
					7A6B564A1B325C0C00C1DD65 = {
						CreatedOnToolsVersion = 6.3.2;
					};
					7A6B565F1B325C0C00C1DD65 = {
						CreatedOnToolsVersion = 6.3.2;
						TestTargetID = 7A6B564A1B325C0C00C1DD65;
					};
				};
			};
			buildConfigurationList = 7A6B56461B325C0C00C1DD65 /* Build configuration list for PBXProject "pomofocus" */;
			compatibilityVersion = "Xcode 3.2";
			developmentRegion = English;
			hasScannedForEncodings = 0;
			knownRegions = (
				en,
				Base,
			);
			mainGroup = 7A6B56421B325C0C00C1DD65;
			productRefGroup = 7A6B564C1B325C0C00C1DD65 /* Products */;
			projectDirPath = "";
			projectRoot = "";
			targets = (
				7A6B564A1B325C0C00C1DD65 /* pomofocus */,
				7A6B565F1B325C0C00C1DD65 /* pomofocusTests */,
			);
		};
/* End PBXProject section */

/* Begin PBXResourcesBuildPhase section */
		7A6B56491B325C0C00C1DD65 /* Resources */ = {
			isa = PBXResourcesBuildPhase;
			buildActionMask = 2147483647;
			files = (
				7A6B56561B325C0C00C1DD65 /* Main.storyboard in Resources */,
				7A6B565B1B325C0C00C1DD65 /* LaunchScreen.xib in Resources */,
				7A6B56581B325C0C00C1DD65 /* Images.xcassets in Resources */,
			);
			runOnlyForDeploymentPostprocessing = 0;
		};
		7A6B565E1B325C0C00C1DD65 /* Resources */ = {
			isa = PBXResourcesBuildPhase;
			buildActionMask = 2147483647;
			files = (
			);
			runOnlyForDeploymentPostprocessing = 0;
		};
/* End PBXResourcesBuildPhase section */

/* Begin PBXSourcesBuildPhase section */
		7A6B56471B325C0C00C1DD65 /* Sources */ = {
			isa = PBXSourcesBuildPhase;
			buildActionMask = 2147483647;
			files = (
				7A6B56531B325C0C00C1DD65 /* ViewController.swift in Sources */,
				7A6B56511B325C0C00C1DD65 /* AppDelegate.swift in Sources */,
			);
			runOnlyForDeploymentPostprocessing = 0;
		};
		7A6B565C1B325C0C00C1DD65 /* Sources */ = {
			isa = PBXSourcesBuildPhase;
			buildActionMask = 2147483647;
			files = (
				7A6B56671B325C0C00C1DD65 /* pomofocusTests.swift in Sources */,
			);
			runOnlyForDeploymentPostprocessing = 0;
		};
/* End PBXSourcesBuildPhase section */

/* Begin PBXTargetDependency section */
		7A6B56621B325C0C00C1DD65 /* PBXTargetDependency */ = {
			isa = PBXTargetDependency;
			target = 7A6B564A1B325C0C00C1DD65 /* pomofocus */;
			targetProxy = 7A6B56611B325C0C00C1DD65 /* PBXContainerItemProxy */;
		};
/* End PBXTargetDependency section */

/* Begin PBXVariantGroup section */
		7A6B56541B325C0C00C1DD65 /* Main.storyboard */ = {
			isa = PBXVariantGroup;
			children = (
				7A6B56551B325C0C00C1DD65 /* Base */,
			);
			name = Main.storyboard;
			sourceTree = "<group>";
		};
		7A6B56591B325C0C00C1DD65 /* LaunchScreen.xib */ = {
			isa = PBXVariantGroup;
			children = (
				7A6B565A1B325C0C00C1DD65 /* Base */,
			);
			name = LaunchScreen.xib;
			sourceTree = "<group>";
		};
/* End PBXVariantGroup section */

/* Begin XCBuildConfiguration section */
		7A6B56681B325C0C00C1DD65 /* Debug */ = {
			isa = XCBuildConfiguration;
			buildSettings = {
				ALWAYS_SEARCH_USER_PATHS = NO;
				CLANG_CXX_LANGUAGE_STANDARD = "gnu++0x";
				CLANG_CXX_LIBRARY = "libc++";
				CLANG_ENABLE_MODULES = YES;
				CLANG_ENABLE_OBJC_ARC = YES;
				CLANG_WARN_BOOL_CONVERSION = YES;
				CLANG_WARN_CONSTANT_CONVERSION = YES;
				CLANG_WARN_DIRECT_OBJC_ISA_USAGE = YES_ERROR;
				CLANG_WARN_EMPTY_BODY = YES;
				CLANG_WARN_ENUM_CONVERSION = YES;
				CLANG_WARN_INT_CONVERSION = YES;
				CLANG_WARN_OBJC_ROOT_CLASS = YES_ERROR;
				CLANG_WARN_UNREACHABLE_CODE = YES;
				CLANG_WARN__DUPLICATE_METHOD_MATCH = YES;
				"CODE_SIGN_IDENTITY[sdk=iphoneos*]" = "iPhone Developer";
				COPY_PHASE_STRIP = NO;
				DEBUG_INFORMATION_FORMAT = "dwarf-with-dsym";
				ENABLE_STRICT_OBJC_MSGSEND = YES;
				GCC_C_LANGUAGE_STANDARD = gnu99;
				GCC_DYNAMIC_NO_PIC = NO;
				GCC_NO_COMMON_BLOCKS = YES;
				GCC_OPTIMIZATION_LEVEL = 0;
				GCC_PREPROCESSOR_DEFINITIONS = (
					"DEBUG=1",
					"$(inherited)",
				);
				GCC_SYMBOLS_PRIVATE_EXTERN = NO;
				GCC_WARN_64_TO_32_BIT_CONVERSION = YES;
				GCC_WARN_ABOUT_RETURN_TYPE = YES_ERROR;
				GCC_WARN_UNDECLARED_SELECTOR = YES;
				GCC_WARN_UNINITIALIZED_AUTOS = YES_AGGRESSIVE;
				GCC_WARN_UNUSED_FUNCTION = YES;
				GCC_WARN_UNUSED_VARIABLE = YES;
				IPHONEOS_DEPLOYMENT_TARGET = 8.3;
				MTL_ENABLE_DEBUG_INFO = YES;
				ONLY_ACTIVE_ARCH = YES;
				SDKROOT = iphoneos;
				SWIFT_OPTIMIZATION_LEVEL = "-Onone";
				TARGETED_DEVICE_FAMILY = "1,2";
			};
			name = Debug;
		};
		7A6B56691B325C0C00C1DD65 /* Release */ = {
			isa = XCBuildConfiguration;
			buildSettings = {
				ALWAYS_SEARCH_USER_PATHS = NO;
				CLANG_CXX_LANGUAGE_STANDARD = "gnu++0x";
				CLANG_CXX_LIBRARY = "libc++";
				CLANG_ENABLE_MODULES = YES;
				CLANG_ENABLE_OBJC_ARC = YES;
				CLANG_WARN_BOOL_CONVERSION = YES;
				CLANG_WARN_CONSTANT_CONVERSION = YES;
				CLANG_WARN_DIRECT_OBJC_ISA_USAGE = YES_ERROR;
				CLANG_WARN_EMPTY_BODY = YES;
				CLANG_WARN_ENUM_CONVERSION = YES;
				CLANG_WARN_INT_CONVERSION = YES;
				CLANG_WARN_OBJC_ROOT_CLASS = YES_ERROR;
				CLANG_WARN_UNREACHABLE_CODE = YES;
				CLANG_WARN__DUPLICATE_METHOD_MATCH = YES;
				"CODE_SIGN_IDENTITY[sdk=iphoneos*]" = "iPhone Developer";
				COPY_PHASE_STRIP = NO;
				DEBUG_INFORMATION_FORMAT = "dwarf-with-dsym";
				ENABLE_NS_ASSERTIONS = NO;
				ENABLE_STRICT_OBJC_MSGSEND = YES;
				GCC_C_LANGUAGE_STANDARD = gnu99;
				GCC_NO_COMMON_BLOCKS = YES;
				GCC_WARN_64_TO_32_BIT_CONVERSION = YES;
				GCC_WARN_ABOUT_RETURN_TYPE = YES_ERROR;
				GCC_WARN_UNDECLARED_SELECTOR = YES;
				GCC_WARN_UNINITIALIZED_AUTOS = YES_AGGRESSIVE;
				GCC_WARN_UNUSED_FUNCTION = YES;
				GCC_WARN_UNUSED_VARIABLE = YES;
				IPHONEOS_DEPLOYMENT_TARGET = 8.3;
				MTL_ENABLE_DEBUG_INFO = NO;
				SDKROOT = iphoneos;
				TARGETED_DEVICE_FAMILY = "1,2";
				VALIDATE_PRODUCT = YES;
			};
			name = Release;
		};
		7A6B566B1B325C0C00C1DD65 /* Debug */ = {
			isa = XCBuildConfiguration;
			buildSettings = {
				ASSETCATALOG_COMPILER_APPICON_NAME = AppIcon;
				INFOPLIST_FILE = pomofocus/Info.plist;
				LD_RUNPATH_SEARCH_PATHS = "$(inherited) @executable_path/Frameworks";
				PRODUCT_NAME = "$(TARGET_NAME)";
			};
			name = Debug;
		};
		7A6B566C1B325C0C00C1DD65 /* Release */ = {
			isa = XCBuildConfiguration;
			buildSettings = {
				ASSETCATALOG_COMPILER_APPICON_NAME = AppIcon;
				INFOPLIST_FILE = pomofocus/Info.plist;
				LD_RUNPATH_SEARCH_PATHS = "$(inherited) @executable_path/Frameworks";
				PRODUCT_NAME = "$(TARGET_NAME)";
			};
			name = Release;
		};
		7A6B566E1B325C0C00C1DD65 /* Debug */ = {
			isa = XCBuildConfiguration;
			buildSettings = {
				BUNDLE_LOADER = "$(TEST_HOST)";
				FRAMEWORK_SEARCH_PATHS = (
					"$(SDKROOT)/Developer/Library/Frameworks",
					"$(inherited)",
				);
				GCC_PREPROCESSOR_DEFINITIONS = (
					"DEBUG=1",
					"$(inherited)",
				);
				INFOPLIST_FILE = pomofocusTests/Info.plist;
				LD_RUNPATH_SEARCH_PATHS = "$(inherited) @executable_path/Frameworks @loader_path/Frameworks";
				PRODUCT_NAME = "$(TARGET_NAME)";
				TEST_HOST = "$(BUILT_PRODUCTS_DIR)/pomofocus.app/pomofocus";
			};
			name = Debug;
		};
		7A6B566F1B325C0C00C1DD65 /* Release */ = {
			isa = XCBuildConfiguration;
			buildSettings = {
				BUNDLE_LOADER = "$(TEST_HOST)";
				FRAMEWORK_SEARCH_PATHS = (
					"$(SDKROOT)/Developer/Library/Frameworks",
					"$(inherited)",
				);
				INFOPLIST_FILE = pomofocusTests/Info.plist;
				LD_RUNPATH_SEARCH_PATHS = "$(inherited) @executable_path/Frameworks @loader_path/Frameworks";
				PRODUCT_NAME = "$(TARGET_NAME)";
				TEST_HOST = "$(BUILT_PRODUCTS_DIR)/pomofocus.app/pomofocus";
			};
			name = Release;
		};
/* End XCBuildConfiguration section */

/* Begin XCConfigurationList section */
		7A6B56461B325C0C00C1DD65 /* Build configuration list for PBXProject "pomofocus" */ = {
			isa = XCConfigurationList;
			buildConfigurations = (
				7A6B56681B325C0C00C1DD65 /* Debug */,
				7A6B56691B325C0C00C1DD65 /* Release */,
			);
			defaultConfigurationIsVisible = 0;
			defaultConfigurationName = Release;
		};
		7A6B566A1B325C0C00C1DD65 /* Build configuration list for PBXNativeTarget "pomofocus" */ = {
			isa = XCConfigurationList;
			buildConfigurations = (
				7A6B566B1B325C0C00C1DD65 /* Debug */,
				7A6B566C1B325C0C00C1DD65 /* Release */,
			);
			defaultConfigurationIsVisible = 0;
		};
		7A6B566D1B325C0C00C1DD65 /* Build configuration list for PBXNativeTarget "pomofocusTests" */ = {
			isa = XCConfigurationList;
			buildConfigurations = (
				7A6B566E1B325C0C00C1DD65 /* Debug */,
				7A6B566F1B325C0C00C1DD65 /* Release */,
			);
			defaultConfigurationIsVisible = 0;
		};
/* End XCConfigurationList section */
	};
	rootObject = 7A6B56431B325C0C00C1DD65 /* Project object */;
}
